
Microsoft Visual Studio Solution File, Format Version 12.00
# Visual Studio 15
Project("{FAE04EC0-301F-11D3-BF4B-00C04F79EFBC}") = "UnityEngine.TestRunner", "UnityEngine.TestRunner.csproj", "{DCAD4EB4-45C9-548E-8964-251BC5F6D667}"
EndProject
Project("{FAE04EC0-301F-11D3-BF4B-00C04F79EFBC}") = "Unity.VisualScripting.Flow", "Unity.VisualScripting.Flow.csproj", "{629538AC-498C-047C-F546-47EF70CD39E7}"
EndProject
Project("{FAE04EC0-301F-11D3-BF4B-00C04F79EFBC}") = "Unity.Services.Core.Telemetry", "Unity.Services.Core.Telemetry.csproj", "{A658285F-BA31-EC70-2363-4E1B9C2F74B9}"
EndProject
Project("{FAE04EC0-301F-11D3-BF4B-00C04F79EFBC}") = "Unity.VisualScripting.State", "Unity.VisualScripting.State.csproj", "{59B06808-1364-8789-B0AB-485B0C699BE2}"
EndProject
Project("{FAE04EC0-301F-11D3-BF4B-00C04F79EFBC}") = "Unity.VisualScripting.Core", "Unity.VisualScripting.Core.csproj", "{7FA19019-3959-A69E-410C-D624545172FC}"
EndProject
Project("{FAE04EC0-301F-11D3-BF4B-00C04F79EFBC}") = "Unity.Services.Core.Environments.Internal", "Unity.Services.Core.Environments.Internal.csproj", "{9165C7B5-626D-64D7-DCA6-A7F9B559B0DB}"
EndProject
Project("{FAE04EC0-301F-11D3-BF4B-00C04F79EFBC}") = "Unity.TextMeshPro", "Unity.TextMeshPro.csproj", "{6F738F58-D3A9-2903-0E32-3DAAFF02463F}"
EndProject
Project("{FAE04EC0-301F-11D3-BF4B-00C04F79EFBC}") = "Unity.Timeline", "Unity.Timeline.csproj", "{D617B795-B290-2846-6B42-098EA03D2D36}"
EndProject
Project("{FAE04EC0-301F-11D3-BF4B-00C04F79EFBC}") = "Unity.Services.Core.Environments", "Unity.Services.Core.Environments.csproj", "{C93A3662-00F0-0203-C06B-3D5C4D9A6D0E}"
EndProject
Project("{FAE04EC0-301F-11D3-BF4B-00C04F79EFBC}") = "Unity.Services.Core.Internal", "Unity.Services.Core.Internal.csproj", "{ADF3A339-0660-CD1A-D305-668605EAF183}"
EndProject
Project("{FAE04EC0-301F-11D3-BF4B-00C04F79EFBC}") = "Unity.Services.Core.Analytics", "Unity.Services.Core.Analytics.csproj", "{D60C6C2F-0EBE-4193-2F00-B1D11AF6C9CB}"
EndProject
Project("{FAE04EC0-301F-11D3-BF4B-00C04F79EFBC}") = "Unity.Services.Core.Scheduler", "Unity.Services.Core.Scheduler.csproj", "{825A6B23-9A69-1F5B-F9CB-85E58E3B2D5E}"
EndProject
Project("{FAE04EC0-301F-11D3-BF4B-00C04F79EFBC}") = "Unity.Services.Core.Registration", "Unity.Services.Core.Registration.csproj", "{445335E3-8BD2-42EA-63F7-578B075B4E31}"
EndProject
Project("{FAE04EC0-301F-11D3-BF4B-00C04F79EFBC}") = "Unity.Services.Core.Device", "Unity.Services.Core.Device.csproj", "{E95F116C-4A48-5E75-B927-DA3AEC266044}"
EndProject
Project("{FAE04EC0-301F-11D3-BF4B-00C04F79EFBC}") = "Unity.Services.Core.Threading", "Unity.Services.Core.Threading.csproj", "{DE406CD2-DD40-AA4B-4563-6BD45069A300}"
EndProject
Project("{FAE04EC0-301F-11D3-BF4B-00C04F79EFBC}") = "Unity.Services.Core.Networking", "Unity.Services.Core.Networking.csproj", "{92159002-4351-E869-DBD1-C45BBF343451}"
EndProject
Project("{FAE04EC0-301F-11D3-BF4B-00C04F79EFBC}") = "Unity.Services.Core", "Unity.Services.Core.csproj", "{9AFF55F7-842B-838F-8EDD-2035890AD8BF}"
EndProject
Project("{FAE04EC0-301F-11D3-BF4B-00C04F79EFBC}") = "Unity.Services.Core.Configuration", "Unity.Services.Core.Configuration.csproj", "{269DE3EB-250D-27F8-B1CF-F7454B9993A3}"
EndProject
Project("{FAE04EC0-301F-11D3-BF4B-00C04F79EFBC}") = "Assembly-CSharp", "Assembly-CSharp.csproj", "{1655BA94-91B8-A1AC-60FA-D29703BAB1DF}"
EndProject
Project("{FAE04EC0-301F-11D3-BF4B-00C04F79EFBC}") = "Unity.PlasticSCM.Editor", "Unity.PlasticSCM.Editor.csproj", "{4C297463-7D06-2D85-6EB1-7CD498A3663B}"
EndProject
Project("{FAE04EC0-301F-11D3-BF4B-00C04F79EFBC}") = "Unity.VisualScripting.Core.Editor", "Unity.VisualScripting.Core.Editor.csproj", "{A9469C47-A8BF-2F49-9E9F-4F2A558BCAAB}"
EndProject
Project("{FAE04EC0-301F-11D3-BF4B-00C04F79EFBC}") = "Unity.VisualScripting.Flow.Editor", "Unity.VisualScripting.Flow.Editor.csproj", "{6BC588AD-99EC-4DC7-4751-86A274D8D2B4}"
EndProject
Project("{FAE04EC0-301F-11D3-BF4B-00C04F79EFBC}") = "Unity.VisualStudio.Editor", "Unity.VisualStudio.Editor.csproj", "{2F7CD600-1FF8-6026-50CC-68814344B56C}"
EndProject
Project("{FAE04EC0-301F-11D3-BF4B-00C04F79EFBC}") = "Unity.Timeline.Editor", "Unity.Timeline.Editor.csproj", "{B39B358D-B162-3017-DFA5-C901A7C0E53C}"
EndProject
Project("{FAE04EC0-301F-11D3-BF4B-00C04F79EFBC}") = "Unity.VisualScripting.State.Editor", "Unity.VisualScripting.State.Editor.csproj", "{F1E2A7A0-8BB6-068D-719B-F8502870F3F6}"
EndProject
Project("{FAE04EC0-301F-11D3-BF4B-00C04F79EFBC}") = "Unity.TextMeshPro.Editor", "Unity.TextMeshPro.Editor.csproj", "{3D6E0E30-4EA4-D7C9-128F-CD0ED7571E6D}"
EndProject
Project("{FAE04EC0-301F-11D3-BF4B-00C04F79EFBC}") = "Unity.VisualScripting.SettingsProvider.Editor", "Unity.VisualScripting.SettingsProvider.Editor.csproj", "{F680C0D3-36B1-84F2-93D1-DED8D2361F97}"
EndProject
Project("{FAE04EC0-301F-11D3-BF4B-00C04F79EFBC}") = "Unity.CollabProxy.Editor", "Unity.CollabProxy.Editor.csproj", "{89E5E644-6FC5-AA3F-9813-7A720F669036}"
EndProject
Project("{FAE04EC0-301F-11D3-BF4B-00C04F79EFBC}") = "UnityEditor.TestRunner", "UnityEditor.TestRunner.csproj", "{E031274D-24AD-D19B-5CE9-4C2919E73D83}"
EndProject
Project("{FAE04EC0-301F-11D3-BF4B-00C04F79EFBC}") = "Unity.Services.Core.Editor", "Unity.Services.Core.Editor.csproj", "{C1D1FD7A-F0F4-759D-CF3E-2AADBE326D04}"
EndProject
Project("{FAE04EC0-301F-11D3-BF4B-00C04F79EFBC}") = "Unity.TestTools.CodeCoverage.Editor", "Unity.TestTools.CodeCoverage.Editor.csproj", "{AE9D601D-EC22-DA53-3CB7-11436D6FB0B1}"
EndProject
Project("{FAE04EC0-301F-11D3-BF4B-00C04F79EFBC}") = "Unity.Rider.Editor", "Unity.Rider.Editor.csproj", "{60CDBE96-3B7F-625A-3733-E156902EA70F}"
EndProject
Project("{FAE04EC0-301F-11D3-BF4B-00C04F79EFBC}") = "Unity.Performance.Profile-Analyzer.Editor", "Unity.Performance.Profile-Analyzer.Editor.csproj", "{129B3EE1-E825-1F71-FD76-E4D79142B7B4}"
EndProject
Project("{FAE04EC0-301F-11D3-BF4B-00C04F79EFBC}") = "Unity.VSCode.Editor", "Unity.VSCode.Editor.csproj", "{B9357B6B-5863-BEC7-7E83-0D8DCD5E3406}"
EndProject
Project("{FAE04EC0-301F-11D3-BF4B-00C04F79EFBC}") = "Unity.TestTools.CodeCoverage.Editor.OpenCover.Model", "Unity.TestTools.CodeCoverage.Editor.OpenCover.Model.csproj", "{C13F68B2-DFA9-75D8-BFA0-7B00CA5ACFE9}"
EndProject
Project("{FAE04EC0-301F-11D3-BF4B-00C04F79EFBC}") = "Unity.EditorCoroutines.Editor", "Unity.EditorCoroutines.Editor.csproj", "{6E3D2D07-BEEE-D03F-2568-7CDED426CA78}"
EndProject
Project("{FAE04EC0-301F-11D3-BF4B-00C04F79EFBC}") = "Unity.Settings.Editor", "Unity.Settings.Editor.csproj", "{C1C28904-F7F9-961B-CF10-7DA77FCB4A00}"
EndProject
Project("{FAE04EC0-301F-11D3-BF4B-00C04F79EFBC}") = "Unity.Services.Core.Configuration.Editor", "Unity.Services.Core.Configuration.Editor.csproj", "{B90A2B88-E64F-C7A8-99A9-BE9C50CFFD19}"
EndProject
Project("{FAE04EC0-301F-11D3-BF4B-00C04F79EFBC}") = "Unity.TestTools.CodeCoverage.Editor.OpenCover.Mono.Reflection", "Unity.TestTools.CodeCoverage.Editor.OpenCover.Mono.Reflection.csproj", "{C00FCB26-595F-EC18-3D58-A300D1E6D6F6}"
EndProject
Project("{FAE04EC0-301F-11D3-BF4B-00C04F79EFBC}") = "Unity.VisualScripting.Shared.Editor", "Unity.VisualScripting.Shared.Editor.csproj", "{CDA6A82F-B3EF-4252-F32D-716C04BCD273}"
EndProject
Project("{FAE04EC0-301F-11D3-BF4B-00C04F79EFBC}") = "Assembly-CSharp-Editor", "Assembly-CSharp-Editor.csproj", "{FB4D0AAF-A9A0-94F0-7A2F-A21F4EF30614}"
EndProject
Global
	GlobalSection(SolutionConfigurationPlatforms) = preSolution
		Debug|Any CPU = Debug|Any CPU
		Release|Any CPU = Release|Any CPU
	EndGlobalSection
	GlobalSection(ProjectConfigurationPlatforms) = postSolution
		{DCAD4EB4-45C9-548E-8964-251BC5F6D667}.Debug|Any CPU.ActiveCfg = Debug|Any CPU
		{DCAD4EB4-45C9-548E-8964-251BC5F6D667}.Debug|Any CPU.Build.0 = Debug|Any CPU
		{DCAD4EB4-45C9-548E-8964-251BC5F6D667}.Release|Any CPU.ActiveCfg = Release|Any CPU
		{DCAD4EB4-45C9-548E-8964-251BC5F6D667}.Release|Any CPU.Build.0 = Release|Any CPU
		{629538AC-498C-047C-F546-47EF70CD39E7}.Debug|Any CPU.ActiveCfg = Debug|Any CPU
		{629538AC-498C-047C-F546-47EF70CD39E7}.Debug|Any CPU.Build.0 = Debug|Any CPU
		{629538AC-498C-047C-F546-47EF70CD39E7}.Release|Any CPU.ActiveCfg = Release|Any CPU
		{629538AC-498C-047C-F546-47EF70CD39E7}.Release|Any CPU.Build.0 = Release|Any CPU
		{A658285F-BA31-EC70-2363-4E1B9C2F74B9}.Debug|Any CPU.ActiveCfg = Debug|Any CPU
		{A658285F-BA31-EC70-2363-4E1B9C2F74B9}.Debug|Any CPU.Build.0 = Debug|Any CPU
		{A658285F-BA31-EC70-2363-4E1B9C2F74B9}.Release|Any CPU.ActiveCfg = Release|Any CPU
		{A658285F-BA31-EC70-2363-4E1B9C2F74B9}.Release|Any CPU.Build.0 = Release|Any CPU
		{59B06808-1364-8789-B0AB-485B0C699BE2}.Debug|Any CPU.ActiveCfg = Debug|Any CPU
		{59B06808-1364-8789-B0AB-485B0C699BE2}.Debug|Any CPU.Build.0 = Debug|Any CPU
		{59B06808-1364-8789-B0AB-485B0C699BE2}.Release|Any CPU.ActiveCfg = Release|Any CPU
		{59B06808-1364-8789-B0AB-485B0C699BE2}.Release|Any CPU.Build.0 = Release|Any CPU
		{7FA19019-3959-A69E-410C-D624545172FC}.Debug|Any CPU.ActiveCfg = Debug|Any CPU
		{7FA19019-3959-A69E-410C-D624545172FC}.Debug|Any CPU.Build.0 = Debug|Any CPU
		{7FA19019-3959-A69E-410C-D624545172FC}.Release|Any CPU.ActiveCfg = Release|Any CPU
		{7FA19019-3959-A69E-410C-D624545172FC}.Release|Any CPU.Build.0 = Release|Any CPU
		{9165C7B5-626D-64D7-DCA6-A7F9B559B0DB}.Debug|Any CPU.ActiveCfg = Debug|Any CPU
		{9165C7B5-626D-64D7-DCA6-A7F9B559B0DB}.Debug|Any CPU.Build.0 = Debug|Any CPU
		{9165C7B5-626D-64D7-DCA6-A7F9B559B0DB}.Release|Any CPU.ActiveCfg = Release|Any CPU
		{9165C7B5-626D-64D7-DCA6-A7F9B559B0DB}.Release|Any CPU.Build.0 = Release|Any CPU
		{6F738F58-D3A9-2903-0E32-3DAAFF02463F}.Debug|Any CPU.ActiveCfg = Debug|Any CPU
		{6F738F58-D3A9-2903-0E32-3DAAFF02463F}.Debug|Any CPU.Build.0 = Debug|Any CPU
		{6F738F58-D3A9-2903-0E32-3DAAFF02463F}.Release|Any CPU.ActiveCfg = Release|Any CPU
		{6F738F58-D3A9-2903-0E32-3DAAFF02463F}.Release|Any CPU.Build.0 = Release|Any CPU
		{D617B795-B290-2846-6B42-098EA03D2D36}.Debug|Any CPU.ActiveCfg = Debug|Any CPU
		{D617B795-B290-2846-6B42-098EA03D2D36}.Debug|Any CPU.Build.0 = Debug|Any CPU
		{D617B795-B290-2846-6B42-098EA03D2D36}.Release|Any CPU.ActiveCfg = Release|Any CPU
		{D617B795-B290-2846-6B42-098EA03D2D36}.Release|Any CPU.Build.0 = Release|Any CPU
		{C93A3662-00F0-0203-C06B-3D5C4D9A6D0E}.Debug|Any CPU.ActiveCfg = Debug|Any CPU
		{C93A3662-00F0-0203-C06B-3D5C4D9A6D0E}.Debug|Any CPU.Build.0 = Debug|Any CPU
		{C93A3662-00F0-0203-C06B-3D5C4D9A6D0E}.Release|Any CPU.ActiveCfg = Release|Any CPU
		{C93A3662-00F0-0203-C06B-3D5C4D9A6D0E}.Release|Any CPU.Build.0 = Release|Any CPU
		{ADF3A339-0660-CD1A-D305-668605EAF183}.Debug|Any CPU.ActiveCfg = Debug|Any CPU
		{ADF3A339-0660-CD1A-D305-668605EAF183}.Debug|Any CPU.Build.0 = Debug|Any CPU
		{ADF3A339-0660-CD1A-D305-668605EAF183}.Release|Any CPU.ActiveCfg = Release|Any CPU
		{ADF3A339-0660-CD1A-D305-668605EAF183}.Release|Any CPU.Build.0 = Release|Any CPU
		{D60C6C2F-0EBE-4193-2F00-B1D11AF6C9CB}.Debug|Any CPU.ActiveCfg = Debug|Any CPU
		{D60C6C2F-0EBE-4193-2F00-B1D11AF6C9CB}.Debug|Any CPU.Build.0 = Debug|Any CPU
		{D60C6C2F-0EBE-4193-2F00-B1D11AF6C9CB}.Release|Any CPU.ActiveCfg = Release|Any CPU
		{D60C6C2F-0EBE-4193-2F00-B1D11AF6C9CB}.Release|Any CPU.Build.0 = Release|Any CPU
		{825A6B23-9A69-1F5B-F9CB-85E58E3B2D5E}.Debug|Any CPU.ActiveCfg = Debug|Any CPU
		{825A6B23-9A69-1F5B-F9CB-85E58E3B2D5E}.Debug|Any CPU.Build.0 = Debug|Any CPU
		{825A6B23-9A69-1F5B-F9CB-85E58E3B2D5E}.Release|Any CPU.ActiveCfg = Release|Any CPU
		{825A6B23-9A69-1F5B-F9CB-85E58E3B2D5E}.Release|Any CPU.Build.0 = Release|Any CPU
		{445335E3-8BD2-42EA-63F7-578B075B4E31}.Debug|Any CPU.ActiveCfg = Debug|Any CPU
		{445335E3-8BD2-42EA-63F7-578B075B4E31}.Debug|Any CPU.Build.0 = Debug|Any CPU
		{445335E3-8BD2-42EA-63F7-578B075B4E31}.Release|Any CPU.ActiveCfg = Release|Any CPU
		{445335E3-8BD2-42EA-63F7-578B075B4E31}.Release|Any CPU.Build.0 = Release|Any CPU
		{E95F116C-4A48-5E75-B927-DA3AEC266044}.Debug|Any CPU.ActiveCfg = Debug|Any CPU
		{E95F116C-4A48-5E75-B927-DA3AEC266044}.Debug|Any CPU.Build.0 = Debug|Any CPU
		{E95F116C-4A48-5E75-B927-DA3AEC266044}.Release|Any CPU.ActiveCfg = Release|Any CPU
		{E95F116C-4A48-5E75-B927-DA3AEC266044}.Release|Any CPU.Build.0 = Release|Any CPU
		{DE406CD2-DD40-AA4B-4563-6BD45069A300}.Debug|Any CPU.ActiveCfg = Debug|Any CPU
		{DE406CD2-DD40-AA4B-4563-6BD45069A300}.Debug|Any CPU.Build.0 = Debug|Any CPU
		{DE406CD2-DD40-AA4B-4563-6BD45069A300}.Release|Any CPU.ActiveCfg = Release|Any CPU
		{DE406CD2-DD40-AA4B-4563-6BD45069A300}.Release|Any CPU.Build.0 = Release|Any CPU
		{92159002-4351-E869-DBD1-C45BBF343451}.Debug|Any CPU.ActiveCfg = Debug|Any CPU
		{92159002-4351-E869-DBD1-C45BBF343451}.Debug|Any CPU.Build.0 = Debug|Any CPU
		{92159002-4351-E869-DBD1-C45BBF343451}.Release|Any CPU.ActiveCfg = Release|Any CPU
		{92159002-4351-E869-DBD1-C45BBF343451}.Release|Any CPU.Build.0 = Release|Any CPU
		{9AFF55F7-842B-838F-8EDD-2035890AD8BF}.Debug|Any CPU.ActiveCfg = Debug|Any CPU
		{9AFF55F7-842B-838F-8EDD-2035890AD8BF}.Debug|Any CPU.Build.0 = Debug|Any CPU
		{9AFF55F7-842B-838F-8EDD-2035890AD8BF}.Release|Any CPU.ActiveCfg = Release|Any CPU
		{9AFF55F7-842B-838F-8EDD-2035890AD8BF}.Release|Any CPU.Build.0 = Release|Any CPU
		{269DE3EB-250D-27F8-B1CF-F7454B9993A3}.Debug|Any CPU.ActiveCfg = Debug|Any CPU
		{269DE3EB-250D-27F8-B1CF-F7454B9993A3}.Debug|Any CPU.Build.0 = Debug|Any CPU
		{269DE3EB-250D-27F8-B1CF-F7454B9993A3}.Release|Any CPU.ActiveCfg = Release|Any CPU
		{269DE3EB-250D-27F8-B1CF-F7454B9993A3}.Release|Any CPU.Build.0 = Release|Any CPU
		{1655BA94-91B8-A1AC-60FA-D29703BAB1DF}.Debug|Any CPU.ActiveCfg = Debug|Any CPU
		{1655BA94-91B8-A1AC-60FA-D29703BAB1DF}.Debug|Any CPU.Build.0 = Debug|Any CPU
		{1655BA94-91B8-A1AC-60FA-D29703BAB1DF}.Release|Any CPU.ActiveCfg = Release|Any CPU
		{1655BA94-91B8-A1AC-60FA-D29703BAB1DF}.Release|Any CPU.Build.0 = Release|Any CPU
		{4C297463-7D06-2D85-6EB1-7CD498A3663B}.Debug|Any CPU.ActiveCfg = Debug|Any CPU
		{4C297463-7D06-2D85-6EB1-7CD498A3663B}.Debug|Any CPU.Build.0 = Debug|Any CPU
		{4C297463-7D06-2D85-6EB1-7CD498A3663B}.Release|Any CPU.ActiveCfg = Release|Any CPU
		{4C297463-7D06-2D85-6EB1-7CD498A3663B}.Release|Any CPU.Build.0 = Release|Any CPU
		{A9469C47-A8BF-2F49-9E9F-4F2A558BCAAB}.Debug|Any CPU.ActiveCfg = Debug|Any CPU
		{A9469C47-A8BF-2F49-9E9F-4F2A558BCAAB}.Debug|Any CPU.Build.0 = Debug|Any CPU
		{A9469C47-A8BF-2F49-9E9F-4F2A558BCAAB}.Release|Any CPU.ActiveCfg = Release|Any CPU
		{A9469C47-A8BF-2F49-9E9F-4F2A558BCAAB}.Release|Any CPU.Build.0 = Release|Any CPU
		{6BC588AD-99EC-4DC7-4751-86A274D8D2B4}.Debug|Any CPU.ActiveCfg = Debug|Any CPU
		{6BC588AD-99EC-4DC7-4751-86A274D8D2B4}.Debug|Any CPU.Build.0 = Debug|Any CPU
		{6BC588AD-99EC-4DC7-4751-86A274D8D2B4}.Release|Any CPU.ActiveCfg = Release|Any CPU
		{6BC588AD-99EC-4DC7-4751-86A274D8D2B4}.Release|Any CPU.Build.0 = Release|Any CPU
		{2F7CD600-1FF8-6026-50CC-68814344B56C}.Debug|Any CPU.ActiveCfg = Debug|Any CPU
		{2F7CD600-1FF8-6026-50CC-68814344B56C}.Debug|Any CPU.Build.0 = Debug|Any CPU
		{2F7CD600-1FF8-6026-50CC-68814344B56C}.Release|Any CPU.ActiveCfg = Release|Any CPU
		{2F7CD600-1FF8-6026-50CC-68814344B56C}.Release|Any CPU.Build.0 = Release|Any CPU
		{B39B358D-B162-3017-DFA5-C901A7C0E53C}.Debug|Any CPU.ActiveCfg = Debug|Any CPU
		{B39B358D-B162-3017-DFA5-C901A7C0E53C}.Debug|Any CPU.Build.0 = Debug|Any CPU
		{B39B358D-B162-3017-DFA5-C901A7C0E53C}.Release|Any CPU.ActiveCfg = Release|Any CPU
		{B39B358D-B162-3017-DFA5-C901A7C0E53C}.Release|Any CPU.Build.0 = Release|Any CPU
		{F1E2A7A0-8BB6-068D-719B-F8502870F3F6}.Debug|Any CPU.ActiveCfg = Debug|Any CPU
		{F1E2A7A0-8BB6-068D-719B-F8502870F3F6}.Debug|Any CPU.Build.0 = Debug|Any CPU
		{F1E2A7A0-8BB6-068D-719B-F8502870F3F6}.Release|Any CPU.ActiveCfg = Release|Any CPU
		{F1E2A7A0-8BB6-068D-719B-F8502870F3F6}.Release|Any CPU.Build.0 = Release|Any CPU
		{3D6E0E30-4EA4-D7C9-128F-CD0ED7571E6D}.Debug|Any CPU.ActiveCfg = Debug|Any CPU
		{3D6E0E30-4EA4-D7C9-128F-CD0ED7571E6D}.Debug|Any CPU.Build.0 = Debug|Any CPU
		{3D6E0E30-4EA4-D7C9-128F-CD0ED7571E6D}.Release|Any CPU.ActiveCfg = Release|Any CPU
		{3D6E0E30-4EA4-D7C9-128F-CD0ED7571E6D}.Release|Any CPU.Build.0 = Release|Any CPU
		{F680C0D3-36B1-84F2-93D1-DED8D2361F97}.Debug|Any CPU.ActiveCfg = Debug|Any CPU
		{F680C0D3-36B1-84F2-93D1-DED8D2361F97}.Debug|Any CPU.Build.0 = Debug|Any CPU
		{F680C0D3-36B1-84F2-93D1-DED8D2361F97}.Release|Any CPU.ActiveCfg = Release|Any CPU
		{F680C0D3-36B1-84F2-93D1-DED8D2361F97}.Release|Any CPU.Build.0 = Release|Any CPU
		{89E5E644-6FC5-AA3F-9813-7A720F669036}.Debug|Any CPU.ActiveCfg = Debug|Any CPU
		{89E5E644-6FC5-AA3F-9813-7A720F669036}.Debug|Any CPU.Build.0 = Debug|Any CPU
		{89E5E644-6FC5-AA3F-9813-7A720F669036}.Release|Any CPU.ActiveCfg = Release|Any CPU
		{89E5E644-6FC5-AA3F-9813-7A720F669036}.Release|Any CPU.Build.0 = Release|Any CPU
		{E031274D-24AD-D19B-5CE9-4C2919E73D83}.Debug|Any CPU.ActiveCfg = Debug|Any CPU
		{E031274D-24AD-D19B-5CE9-4C2919E73D83}.Debug|Any CPU.Build.0 = Debug|Any CPU
		{E031274D-24AD-D19B-5CE9-4C2919E73D83}.Release|Any CPU.ActiveCfg = Release|Any CPU
		{E031274D-24AD-D19B-5CE9-4C2919E73D83}.Release|Any CPU.Build.0 = Release|Any CPU
		{C1D1FD7A-F0F4-759D-CF3E-2AADBE326D04}.Debug|Any CPU.ActiveCfg = Debug|Any CPU
		{C1D1FD7A-F0F4-759D-CF3E-2AADBE326D04}.Debug|Any CPU.Build.0 = Debug|Any CPU
		{C1D1FD7A-F0F4-759D-CF3E-2AADBE326D04}.Release|Any CPU.ActiveCfg = Release|Any CPU
		{C1D1FD7A-F0F4-759D-CF3E-2AADBE326D04}.Release|Any CPU.Build.0 = Release|Any CPU
		{AE9D601D-EC22-DA53-3CB7-11436D6FB0B1}.Debug|Any CPU.ActiveCfg = Debug|Any CPU
		{AE9D601D-EC22-DA53-3CB7-11436D6FB0B1}.Debug|Any CPU.Build.0 = Debug|Any CPU
		{AE9D601D-EC22-DA53-3CB7-11436D6FB0B1}.Release|Any CPU.ActiveCfg = Release|Any CPU
		{AE9D601D-EC22-DA53-3CB7-11436D6FB0B1}.Release|Any CPU.Build.0 = Release|Any CPU
		{60CDBE96-3B7F-625A-3733-E156902EA70F}.Debug|Any CPU.ActiveCfg = Debug|Any CPU
		{60CDBE96-3B7F-625A-3733-E156902EA70F}.Debug|Any CPU.Build.0 = Debug|Any CPU
		{60CDBE96-3B7F-625A-3733-E156902EA70F}.Release|Any CPU.ActiveCfg = Release|Any CPU
		{60CDBE96-3B7F-625A-3733-E156902EA70F}.Release|Any CPU.Build.0 = Release|Any CPU
		{129B3EE1-E825-1F71-FD76-E4D79142B7B4}.Debug|Any CPU.ActiveCfg = Debug|Any CPU
		{129B3EE1-E825-1F71-FD76-E4D79142B7B4}.Debug|Any CPU.Build.0 = Debug|Any CPU
		{129B3EE1-E825-1F71-FD76-E4D79142B7B4}.Release|Any CPU.ActiveCfg = Release|Any CPU
		{129B3EE1-E825-1F71-FD76-E4D79142B7B4}.Release|Any CPU.Build.0 = Release|Any CPU
		{B9357B6B-5863-BEC7-7E83-0D8DCD5E3406}.Debug|Any CPU.ActiveCfg = Debug|Any CPU
		{B9357B6B-5863-BEC7-7E83-0D8DCD5E3406}.Debug|Any CPU.Build.0 = Debug|Any CPU
		{B9357B6B-5863-BEC7-7E83-0D8DCD5E3406}.Release|Any CPU.ActiveCfg = Release|Any CPU
		{B9357B6B-5863-BEC7-7E83-0D8DCD5E3406}.Release|Any CPU.Build.0 = Release|Any CPU
		{C13F68B2-DFA9-75D8-BFA0-7B00CA5ACFE9}.Debug|Any CPU.ActiveCfg = Debug|Any CPU
		{C13F68B2-DFA9-75D8-BFA0-7B00CA5ACFE9}.Debug|Any CPU.Build.0 = Debug|Any CPU
		{C13F68B2-DFA9-75D8-BFA0-7B00CA5ACFE9}.Release|Any CPU.ActiveCfg = Release|Any CPU
		{C13F68B2-DFA9-75D8-BFA0-7B00CA5ACFE9}.Release|Any CPU.Build.0 = Release|Any CPU
		{6E3D2D07-BEEE-D03F-2568-7CDED426CA78}.Debug|Any CPU.ActiveCfg = Debug|Any CPU
		{6E3D2D07-BEEE-D03F-2568-7CDED426CA78}.Debug|Any CPU.Build.0 = Debug|Any CPU
		{6E3D2D07-BEEE-D03F-2568-7CDED426CA78}.Release|Any CPU.ActiveCfg = Release|Any CPU
		{6E3D2D07-BEEE-D03F-2568-7CDED426CA78}.Release|Any CPU.Build.0 = Release|Any CPU
		{C1C28904-F7F9-961B-CF10-7DA77FCB4A00}.Debug|Any CPU.ActiveCfg = Debug|Any CPU
		{C1C28904-F7F9-961B-CF10-7DA77FCB4A00}.Debug|Any CPU.Build.0 = Debug|Any CPU
		{C1C28904-F7F9-961B-CF10-7DA77FCB4A00}.Release|Any CPU.ActiveCfg = Release|Any CPU
		{C1C28904-F7F9-961B-CF10-7DA77FCB4A00}.Release|Any CPU.Build.0 = Release|Any CPU
		{B90A2B88-E64F-C7A8-99A9-BE9C50CFFD19}.Debug|Any CPU.ActiveCfg = Debug|Any CPU
		{B90A2B88-E64F-C7A8-99A9-BE9C50CFFD19}.Debug|Any CPU.Build.0 = Debug|Any CPU
		{B90A2B88-E64F-C7A8-99A9-BE9C50CFFD19}.Release|Any CPU.ActiveCfg = Release|Any CPU
		{B90A2B88-E64F-C7A8-99A9-BE9C50CFFD19}.Release|Any CPU.Build.0 = Release|Any CPU
		{C00FCB26-595F-EC18-3D58-A300D1E6D6F6}.Debug|Any CPU.ActiveCfg = Debug|Any CPU
		{C00FCB26-595F-EC18-3D58-A300D1E6D6F6}.Debug|Any CPU.Build.0 = Debug|Any CPU
		{C00FCB26-595F-EC18-3D58-A300D1E6D6F6}.Release|Any CPU.ActiveCfg = Release|Any CPU
		{C00FCB26-595F-EC18-3D58-A300D1E6D6F6}.Release|Any CPU.Build.0 = Release|Any CPU
		{CDA6A82F-B3EF-4252-F32D-716C04BCD273}.Debug|Any CPU.ActiveCfg = Debug|Any CPU
		{CDA6A82F-B3EF-4252-F32D-716C04BCD273}.Debug|Any CPU.Build.0 = Debug|Any CPU
		{CDA6A82F-B3EF-4252-F32D-716C04BCD273}.Release|Any CPU.ActiveCfg = Release|Any CPU
		{CDA6A82F-B3EF-4252-F32D-716C04BCD273}.Release|Any CPU.Build.0 = Release|Any CPU
		{FB4D0AAF-A9A0-94F0-7A2F-A21F4EF30614}.Debug|Any CPU.ActiveCfg = Debug|Any CPU
		{FB4D0AAF-A9A0-94F0-7A2F-A21F4EF30614}.Debug|Any CPU.Build.0 = Debug|Any CPU
		{FB4D0AAF-A9A0-94F0-7A2F-A21F4EF30614}.Release|Any CPU.ActiveCfg = Release|Any CPU
		{FB4D0AAF-A9A0-94F0-7A2F-A21F4EF30614}.Release|Any CPU.Build.0 = Release|Any CPU
	EndGlobalSection
	GlobalSection(SolutionProperties) = preSolution
		HideSolutionNode = FALSE
	EndGlobalSection
EndGlobal
